{
  "name": "strong-pubsub-nats-streaming",
  "version": "1.0.0",
  "lockfileVersion": 1,
  "requires": true,
  "dependencies": {
    "events": {
      "version": "3.0.0",
      "resolved": "https://registry.npmjs.org/events/-/events-3.0.0.tgz",
      "integrity": "sha512-Dc381HFWJzEOhQ+d8pkNon++bk9h6cdAoAj4iE6Q4y6xgTzySWXlKn05/TVNpjnfRqi/X0EpJEJohPjNI3zpVA=="
    },
    "google-protobuf": {
      "version": "3.6.1",
      "resolved": "https://registry.npmjs.org/google-protobuf/-/google-protobuf-3.6.1.tgz",
      "integrity": "sha512-SJYemeX5GjDLPnadcmCNQePQHCS4Hl5fOcI/JawqDIYFhCmrtYAjcx/oTQx/Wi8UuCuZQhfvftbmPePPAYHFtA=="
    },
    "inherits": {
      "version": "2.0.3",
      "resolved": "https://registry.npmjs.org/inherits/-/inherits-2.0.3.tgz",
      "integrity": "sha1-Yzwsg+PaQqUC9SRmAiSA9CCCYd4="
    },
    "nats": {
      "version": "1.0.1",
      "resolved": "https://registry.npmjs.org/nats/-/nats-1.0.1.tgz",
      "integrity": "sha512-FpvmGwCNcKxujBAd+wUkiIx9IjsOETj224PositBx/KYqlQtICY9ZwBLIiMstndwuiSXm132VhN1HV+m+WSbtg==",
      "requires": {
        "nuid": "^1.0.0"
      }
    },
    "node-nats-streaming": {
      "version": "0.0.50",
      "resolved": "https://registry.npmjs.org/node-nats-streaming/-/node-nats-streaming-0.0.50.tgz",
      "integrity": "sha512-u30pehjRd804ZWf0eWMTX0jUm/a19M/NSNn/u9dHq0LvS5UV953DZfEuHtbPElqyLpDA2T5na9EDoA25ljwlzw==",
      "requires": {
        "google-protobuf": "^3.3.0",
        "nats": "^1.0.0",
        "nuid": "^1.0.0"
      }
    },
    "nuid": {
      "version": "1.0.0",
      "resolved": "https://registry.npmjs.org/nuid/-/nuid-1.0.0.tgz",
      "integrity": "sha512-046ukkoG8NXjiJMpQYLpGhYJIXJlClt2rDlnubCXN1/pztO/YTD2WkhyBZsEADsUwVtVMv5UmC0B2QrT5sZiDQ=="
    },
    "util": {
      "version": "0.11.0",
      "resolved": "https://registry.npmjs.org/util/-/util-0.11.0.tgz",
      "integrity": "sha512-5n12uMzKCjvB2HPFHnbQSjaqAa98L5iIXmHrZCLavuZVe0qe/SJGbDGWlpaHk5lnBkWRDO+dRu1/PgmUYKPPTw==",
      "requires": {
        "inherits": "2.0.3"
      }
    }
  }
}
